
Microsoft Visual Studio Solution File, Format Version 12.00
# Visual Studio Version 17
VisualStudioVersion = 17.9.34622.214
MinimumVisualStudioVersion = 10.0.40219.1
Project("{FAE04EC0-301F-11D3-BF4B-00C04F79EFBC}") = "PlateDropletApp", "PlateDropletApp.csproj", "{0A1545F4-07C1-47FA-B5F8-2834A8264A6E}"
EndProject
Global
	GlobalSection(SolutionConfigurationPlatforms) = preSolution
		Debug|Any CPU = Debug|Any CPU
		Release|Any CPU = Release|Any CPU
	EndGlobalSection
	GlobalSection(ProjectConfigurationPlatforms) = postSolution
		{0A1545F4-07C1-47FA-B5F8-2834A8264A6E}.Debug|Any CPU.ActiveCfg = Debug|Any CPU
		{0A1545F4-07C1-47FA-B5F8-2834A8264A6E}.Debug|Any CPU.Build.0 = Debug|Any CPU
		{0A1545F4-07C1-47FA-B5F8-2834A8264A6E}.Release|Any CPU.ActiveCfg = Release|Any CPU
		{0A1545F4-07C1-47FA-B5F8-2834A8264A6E}.Release|Any CPU.Build.0 = Release|Any CPU
	EndGlobalSection
	GlobalSection(SolutionProperties) = preSolution
		HideSolutionNode = FALSE
	EndGlobalSection
	GlobalSection(ExtensibilityGlobals) = postSolution
		SolutionGuid = {B7DA3F1F-F0F1-4EEE-BEE1-BF058043A052}
	EndGlobalSection
EndGlobal
